
Microsoft Visual Studio Solution File, Format Version 12.00
# Visual Studio Version 17
VisualStudioVersion = 17.2.32616.157
MinimumVisualStudioVersion = 10.0.40219.1
Project("{FAE04EC0-301F-11D3-BF4B-00C04F79EFBC}") = "Session1-examples", "Session1-examples.csproj", "{4A2E7E49-3DA7-49E1-973A-222DC10A5FC2}"
EndProject
Project("{FAE04EC0-301F-11D3-BF4B-00C04F79EFBC}") = "Session1-exc", "..\Session1-exc\Session1-exc.csproj", "{7EFFE053-D976-446A-AAA1-AD43221DEE32}"
EndProject
Project("{FAE04EC0-301F-11D3-BF4B-00C04F79EFBC}") = "session3-exc", "..\session3-exc\session3-exc.csproj", "{33C4C69D-864F-45C7-88A5-F8B9880D68E6}"
EndProject
Project("{FAE04EC0-301F-11D3-BF4B-00C04F79EFBC}") = "Airplane", "..\Airplane\Airplane.csproj", "{55D91718-0DA2-4438-B502-A5C8628D535F}"
EndProject
Global
	GlobalSection(SolutionConfigurationPlatforms) = preSolution
		Debug|Any CPU = Debug|Any CPU
		Release|Any CPU = Release|Any CPU
	EndGlobalSection
	GlobalSection(ProjectConfigurationPlatforms) = postSolution
		{4A2E7E49-3DA7-49E1-973A-222DC10A5FC2}.Debug|Any CPU.ActiveCfg = Debug|Any CPU
		{4A2E7E49-3DA7-49E1-973A-222DC10A5FC2}.Debug|Any CPU.Build.0 = Debug|Any CPU
		{4A2E7E49-3DA7-49E1-973A-222DC10A5FC2}.Release|Any CPU.ActiveCfg = Release|Any CPU
		{4A2E7E49-3DA7-49E1-973A-222DC10A5FC2}.Release|Any CPU.Build.0 = Release|Any CPU
		{7EFFE053-D976-446A-AAA1-AD43221DEE32}.Debug|Any CPU.ActiveCfg = Debug|Any CPU
		{7EFFE053-D976-446A-AAA1-AD43221DEE32}.Debug|Any CPU.Build.0 = Debug|Any CPU
		{7EFFE053-D976-446A-AAA1-AD43221DEE32}.Release|Any CPU.ActiveCfg = Release|Any CPU
		{7EFFE053-D976-446A-AAA1-AD43221DEE32}.Release|Any CPU.Build.0 = Release|Any CPU
		{33C4C69D-864F-45C7-88A5-F8B9880D68E6}.Debug|Any CPU.ActiveCfg = Debug|Any CPU
		{33C4C69D-864F-45C7-88A5-F8B9880D68E6}.Debug|Any CPU.Build.0 = Debug|Any CPU
		{33C4C69D-864F-45C7-88A5-F8B9880D68E6}.Release|Any CPU.ActiveCfg = Release|Any CPU
		{33C4C69D-864F-45C7-88A5-F8B9880D68E6}.Release|Any CPU.Build.0 = Release|Any CPU
		{55D91718-0DA2-4438-B502-A5C8628D535F}.Debug|Any CPU.ActiveCfg = Debug|Any CPU
		{55D91718-0DA2-4438-B502-A5C8628D535F}.Debug|Any CPU.Build.0 = Debug|Any CPU
		{55D91718-0DA2-4438-B502-A5C8628D535F}.Release|Any CPU.ActiveCfg = Release|Any CPU
		{55D91718-0DA2-4438-B502-A5C8628D535F}.Release|Any CPU.Build.0 = Release|Any CPU
	EndGlobalSection
	GlobalSection(SolutionProperties) = preSolution
		HideSolutionNode = FALSE
	EndGlobalSection
	GlobalSection(ExtensibilityGlobals) = postSolution
		SolutionGuid = {7D3771BE-22E8-44CA-99C5-2697BEE77B81}
	EndGlobalSection
EndGlobal
